
Microsoft Visual Studio Solution File, Format Version 12.00
# Visual Studio Version 16
VisualStudioVersion = 16.0.33027.164
MinimumVisualStudioVersion = 10.0.40219.1
Project("{FAE04EC0-301F-11D3-BF4B-00C04F79EFBC}") = "Lab1(triangle)", "Lab1(triangle)\Lab1(triangle).csproj", "{7B171E2B-30B5-48C7-933F-4B9265F12B87}"
EndProject
Project("{FAE04EC0-301F-11D3-BF4B-00C04F79EFBC}") = "Triangletest", "Triangletest\Triangletest.csproj", "{3CE381E8-EFC9-4204-895D-CDBA86230BAB}"
EndProject
Global
	GlobalSection(SolutionConfigurationPlatforms) = preSolution
		Debug|Any CPU = Debug|Any CPU
		Release|Any CPU = Release|Any CPU
	EndGlobalSection
	GlobalSection(ProjectConfigurationPlatforms) = postSolution
		{7B171E2B-30B5-48C7-933F-4B9265F12B87}.Debug|Any CPU.ActiveCfg = Debug|Any CPU
		{7B171E2B-30B5-48C7-933F-4B9265F12B87}.Debug|Any CPU.Build.0 = Debug|Any CPU
		{7B171E2B-30B5-48C7-933F-4B9265F12B87}.Release|Any CPU.ActiveCfg = Release|Any CPU
		{7B171E2B-30B5-48C7-933F-4B9265F12B87}.Release|Any CPU.Build.0 = Release|Any CPU
		{3CE381E8-EFC9-4204-895D-CDBA86230BAB}.Debug|Any CPU.ActiveCfg = Debug|Any CPU
		{3CE381E8-EFC9-4204-895D-CDBA86230BAB}.Debug|Any CPU.Build.0 = Debug|Any CPU
		{3CE381E8-EFC9-4204-895D-CDBA86230BAB}.Release|Any CPU.ActiveCfg = Release|Any CPU
		{3CE381E8-EFC9-4204-895D-CDBA86230BAB}.Release|Any CPU.Build.0 = Release|Any CPU
	EndGlobalSection
	GlobalSection(SolutionProperties) = preSolution
		HideSolutionNode = FALSE
	EndGlobalSection
	GlobalSection(ExtensibilityGlobals) = postSolution
		SolutionGuid = {E9EFDE5C-80B8-4391-8753-E424F2703099}
	EndGlobalSection
EndGlobal
